
Microsoft Visual Studio Solution File, Format Version 12.00
# Visual Studio Version 16
VisualStudioVersion = 16.0.31019.35
MinimumVisualStudioVersion = 10.0.40219.1
Project("{FAE04EC0-301F-11D3-BF4B-00C04F79EFBC}") = "SecuringSynoptic", "SecuringSynoptic\SecuringSynoptic.csproj", "{97BB0F5D-2E8F-454A-8A1F-700A49715C1C}"
EndProject
Global
	GlobalSection(SolutionConfigurationPlatforms) = preSolution
		Debug|Any CPU = Debug|Any CPU
		Release|Any CPU = Release|Any CPU
	EndGlobalSection
	GlobalSection(ProjectConfigurationPlatforms) = postSolution
		{97BB0F5D-2E8F-454A-8A1F-700A49715C1C}.Debug|Any CPU.ActiveCfg = Debug|Any CPU
		{97BB0F5D-2E8F-454A-8A1F-700A49715C1C}.Debug|Any CPU.Build.0 = Debug|Any CPU
		{97BB0F5D-2E8F-454A-8A1F-700A49715C1C}.Release|Any CPU.ActiveCfg = Release|Any CPU
		{97BB0F5D-2E8F-454A-8A1F-700A49715C1C}.Release|Any CPU.Build.0 = Release|Any CPU
	EndGlobalSection
	GlobalSection(SolutionProperties) = preSolution
		HideSolutionNode = FALSE
	EndGlobalSection
	GlobalSection(ExtensibilityGlobals) = postSolution
		SolutionGuid = {170E1AB7-20FC-4903-BFCD-3B7C7B634303}
	EndGlobalSection
EndGlobal
